
Microsoft Visual Studio Solution File, Format Version 12.00
# Visual Studio Version 16
VisualStudioVersion = 16.0.29209.62
MinimumVisualStudioVersion = 10.0.40219.1
Project("{9A19103F-16F7-4668-BE54-9A1E7A4F7556}") = "AccessoDatabase", "AccessoDatabase\AccessoDatabase.csproj", "{7F3156E1-0925-41F7-96F5-65E65110429F}"
EndProject
Project("{9A19103F-16F7-4668-BE54-9A1E7A4F7556}") = "AspNetCoreWebAppRazor", "AspNetCoreWebAppRazor\AspNetCoreWebAppRazor.csproj", "{BD159E8A-D90C-4B27-B1F6-2C73D9ACB563}"
EndProject
Global
	GlobalSection(SolutionConfigurationPlatforms) = preSolution
		Debug|Any CPU = Debug|Any CPU
		Release|Any CPU = Release|Any CPU
	EndGlobalSection
	GlobalSection(ProjectConfigurationPlatforms) = postSolution
		{7F3156E1-0925-41F7-96F5-65E65110429F}.Debug|Any CPU.ActiveCfg = Debug|Any CPU
		{7F3156E1-0925-41F7-96F5-65E65110429F}.Debug|Any CPU.Build.0 = Debug|Any CPU
		{7F3156E1-0925-41F7-96F5-65E65110429F}.Release|Any CPU.ActiveCfg = Release|Any CPU
		{7F3156E1-0925-41F7-96F5-65E65110429F}.Release|Any CPU.Build.0 = Release|Any CPU
		{BD159E8A-D90C-4B27-B1F6-2C73D9ACB563}.Debug|Any CPU.ActiveCfg = Debug|Any CPU
		{BD159E8A-D90C-4B27-B1F6-2C73D9ACB563}.Debug|Any CPU.Build.0 = Debug|Any CPU
		{BD159E8A-D90C-4B27-B1F6-2C73D9ACB563}.Release|Any CPU.ActiveCfg = Release|Any CPU
		{BD159E8A-D90C-4B27-B1F6-2C73D9ACB563}.Release|Any CPU.Build.0 = Release|Any CPU
	EndGlobalSection
	GlobalSection(SolutionProperties) = preSolution
		HideSolutionNode = FALSE
	EndGlobalSection
	GlobalSection(ExtensibilityGlobals) = postSolution
		SolutionGuid = {2D654330-3CAE-4AAB-96AD-2A88F40AC0C2}
	EndGlobalSection
EndGlobal
