
Microsoft Visual Studio Solution File, Format Version 12.00
# Visual Studio 15
VisualStudioVersion = 15.0.28307.645
MinimumVisualStudioVersion = 10.0.40219.1
Project("{FAE04EC0-301F-11D3-BF4B-00C04F79EFBC}") = "AccessoDatabase", "AccessoDatabase\AccessoDatabase.csproj", "{7F3156E1-0925-41F7-96F5-65E65110429F}"
EndProject
Global
	GlobalSection(SolutionConfigurationPlatforms) = preSolution
		Debug|Any CPU = Debug|Any CPU
		Release|Any CPU = Release|Any CPU
	EndGlobalSection
	GlobalSection(ProjectConfigurationPlatforms) = postSolution
		{7F3156E1-0925-41F7-96F5-65E65110429F}.Debug|Any CPU.ActiveCfg = Debug|Any CPU
		{7F3156E1-0925-41F7-96F5-65E65110429F}.Debug|Any CPU.Build.0 = Debug|Any CPU
		{7F3156E1-0925-41F7-96F5-65E65110429F}.Release|Any CPU.ActiveCfg = Release|Any CPU
		{7F3156E1-0925-41F7-96F5-65E65110429F}.Release|Any CPU.Build.0 = Release|Any CPU
	EndGlobalSection
	GlobalSection(SolutionProperties) = preSolution
		HideSolutionNode = FALSE
	EndGlobalSection
	GlobalSection(ExtensibilityGlobals) = postSolution
		SolutionGuid = {2D654330-3CAE-4AAB-96AD-2A88F40AC0C2}
	EndGlobalSection
EndGlobal
